
Microsoft Visual Studio Solution File, Format Version 12.00
# Visual Studio Version 16
VisualStudioVersion = 16.0.29709.97
MinimumVisualStudioVersion = 10.0.40219.1
Project("{FAE04EC0-301F-11D3-BF4B-00C04F79EFBC}") = "TestingSystemDatabaseLibrary", "TestingSystemDatabaseLibrary\TestingSystemDatabaseLibrary.csproj", "{22D8FA35-3FE3-403E-9B05-1D9AE1803244}"
EndProject
Global
	GlobalSection(SolutionConfigurationPlatforms) = preSolution
		Debug|Any CPU = Debug|Any CPU
		Release|Any CPU = Release|Any CPU
	EndGlobalSection
	GlobalSection(ProjectConfigurationPlatforms) = postSolution
		{22D8FA35-3FE3-403E-9B05-1D9AE1803244}.Debug|Any CPU.ActiveCfg = Debug|Any CPU
		{22D8FA35-3FE3-403E-9B05-1D9AE1803244}.Debug|Any CPU.Build.0 = Debug|Any CPU
		{22D8FA35-3FE3-403E-9B05-1D9AE1803244}.Release|Any CPU.ActiveCfg = Release|Any CPU
		{22D8FA35-3FE3-403E-9B05-1D9AE1803244}.Release|Any CPU.Build.0 = Release|Any CPU
	EndGlobalSection
	GlobalSection(SolutionProperties) = preSolution
		HideSolutionNode = FALSE
	EndGlobalSection
	GlobalSection(ExtensibilityGlobals) = postSolution
		SolutionGuid = {3CFCA92C-FA5A-4E01-B00E-EC6DBD851CD9}
	EndGlobalSection
EndGlobal
